
Microsoft Visual Studio Solution File, Format Version 12.00
# Visual Studio Version 16
VisualStudioVersion = 16.0.31205.134
MinimumVisualStudioVersion = 10.0.40219.1
Project("{FAE04EC0-301F-11D3-BF4B-00C04F79EFBC}") = "MathematicGameApi", "MathematicGameApi\MathematicGameApi.csproj", "{3B7C1AA7-85CA-403C-B47D-53A0447CF075}"
EndProject
Global
	GlobalSection(SolutionConfigurationPlatforms) = preSolution
		Debug|Any CPU = Debug|Any CPU
		Release|Any CPU = Release|Any CPU
	EndGlobalSection
	GlobalSection(ProjectConfigurationPlatforms) = postSolution
		{3B7C1AA7-85CA-403C-B47D-53A0447CF075}.Debug|Any CPU.ActiveCfg = Debug|Any CPU
		{3B7C1AA7-85CA-403C-B47D-53A0447CF075}.Debug|Any CPU.Build.0 = Debug|Any CPU
		{3B7C1AA7-85CA-403C-B47D-53A0447CF075}.Release|Any CPU.ActiveCfg = Release|Any CPU
		{3B7C1AA7-85CA-403C-B47D-53A0447CF075}.Release|Any CPU.Build.0 = Release|Any CPU
	EndGlobalSection
	GlobalSection(SolutionProperties) = preSolution
		HideSolutionNode = FALSE
	EndGlobalSection
	GlobalSection(ExtensibilityGlobals) = postSolution
		SolutionGuid = {53452C91-4137-4EAF-B350-D53FB195B1C4}
	EndGlobalSection
EndGlobal
